
Microsoft Visual Studio Solution File, Format Version 12.00
# Visual Studio Version 16
VisualStudioVersion = 16.0.31515.178
MinimumVisualStudioVersion = 10.0.40219.1
Project("{FAE04EC0-301F-11D3-BF4B-00C04F79EFBC}") = "CP.BarCode", "CP.BarCode\CP.BarCode.csproj", "{4D230DF5-BCBA-488F-950F-C2F773888BBD}"
EndProject
Global
	GlobalSection(SolutionConfigurationPlatforms) = preSolution
		Debug|Any CPU = Debug|Any CPU
		Release|Any CPU = Release|Any CPU
	EndGlobalSection
	GlobalSection(ProjectConfigurationPlatforms) = postSolution
		{4D230DF5-BCBA-488F-950F-C2F773888BBD}.Debug|Any CPU.ActiveCfg = Debug|Any CPU
		{4D230DF5-BCBA-488F-950F-C2F773888BBD}.Debug|Any CPU.Build.0 = Debug|Any CPU
		{4D230DF5-BCBA-488F-950F-C2F773888BBD}.Release|Any CPU.ActiveCfg = Release|Any CPU
		{4D230DF5-BCBA-488F-950F-C2F773888BBD}.Release|Any CPU.Build.0 = Release|Any CPU
	EndGlobalSection
	GlobalSection(SolutionProperties) = preSolution
		HideSolutionNode = FALSE
	EndGlobalSection
	GlobalSection(ExtensibilityGlobals) = postSolution
		SolutionGuid = {DF066095-38D5-434C-A391-4BF2423F6FAC}
	EndGlobalSection
EndGlobal
